
PODS:
- KIF (0.0.1)
- Kiwi (2.0.2.dev):
  - OCHamcrest
- OCHamcrest (1.9)
- Sealant (0.0.1):
  - Sealant/Sealant (= 0.0.1)
- Sealant/Sealant (0.0.1)
- TestFlightSDK (1.2)

DEPENDENCIES:
- KIF
- Kiwi (from `https://gist.github.com/raw/4541144/latest_kiwi_with_hamcrest.podspec')
- Sealant (from `ssh://git@github.com/blazingcloud/sealant.git')
- TestFlightSDK

EXTERNAL SOURCES:
  Kiwi:
    :podspec: https://gist.github.com/raw/4541144/latest_kiwi_with_hamcrest.podspec
  Sealant:
    :git: ssh://git@github.com/blazingcloud/sealant.git

SPEC CHECKSUMS:
  TestFlightSDK: 29e194fb148e4861f92e4c1195b9697e1f3ad19a
  Kiwi: 1eefa5fb0ea66ee196fdb0e885caee52db3ce8ae
  OCHamcrest: f8393efd5a49d91879be573635d6183effacc0ab
  Sealant: 43ad0926c79c0cdd7c08f7fd67cb321591df9531
  Sealant/Sealant: 43ad0926c79c0cdd7c08f7fd67cb321591df9531
  KIF: 7b3e1a55d4024d023d5a4ac661b0498be8d549d9

COCOAPODS: 0.16.1
