
PODS:
- KIF (0.0.1)
- Kiwi with OCHamcrest (1.1.1.dev):
  - OCHamcrest
- OCHamcrest (1.9)
- Sealant (0.1)
- TestFlightSDK (1.2)

DEPENDENCIES:
- KIF
- Kiwi with OCHamcrest (from `https://gist.github.com/raw/4541144/latest_kiwi_with_hamcrest.podspec')
- Sealant (from `ssh://git@github.com/blazingcloud/sealant.git')
- TestFlightSDK

EXTERNAL SOURCES:
  Kiwi with OCHamcrest:
    :podspec: https://gist.github.com/raw/4541144/latest_kiwi_with_hamcrest.podspec
  Sealant:
    :git: ssh://git@github.com/blazingcloud/sealant.git

SPEC CHECKSUMS:
  TestFlightSDK: 29e194fb148e4861f92e4c1195b9697e1f3ad19a
  Kiwi with OCHamcrest: 425ab22efdca95b11597be0924b8899e25808b83
  OCHamcrest: f8393efd5a49d91879be573635d6183effacc0ab
  Sealant: eba5aa64b3d571723b88fd7334f205a879571392
  KIF: 7b3e1a55d4024d023d5a4ac661b0498be8d549d9

COCOAPODS: 0.16.1
